
Microsoft Visual Studio Solution File, Format Version 12.00
# Visual Studio 15
VisualStudioVersion = 15.0.28010.2003
MinimumVisualStudioVersion = 10.0.40219.1
Project("{FAE04EC0-301F-11D3-BF4B-00C04F79EFBC}") = "CharsToolset", "CharsToolset\CharsToolset.csproj", "{0CF9D020-AF37-4FA1-924D-4831C128650C}"
EndProject
Project("{FAE04EC0-301F-11D3-BF4B-00C04F79EFBC}") = "Core", "Core\Core.csproj", "{0BBB23B0-D8C4-4735-9FB2-48AD897A364A}"
EndProject
Project("{FAE04EC0-301F-11D3-BF4B-00C04F79EFBC}") = "UI", "UI\UI.csproj", "{C7550D1C-E3F1-4BBD-8281-AB122822486C}"
EndProject
Project("{FAE04EC0-301F-11D3-BF4B-00C04F79EFBC}") = "UI_TopMenuBar", "UI_TopMenuBar\UI_TopMenuBar.csproj", "{DF340F26-BB3F-4293-8C42-B11D9FA326A4}"
EndProject
Project("{FAE04EC0-301F-11D3-BF4B-00C04F79EFBC}") = "UI_OptionForm", "UI_OptionForm\UI_OptionForm.csproj", "{6A6FE15A-6249-4156-94CA-2D2B372AC0A0}"
EndProject
Project("{FAE04EC0-301F-11D3-BF4B-00C04F79EFBC}") = "Core_Config", "Core_Config\Core_Config.csproj", "{F957C230-0F57-4CB4-9884-17D3D29C8746}"
EndProject
Global
	GlobalSection(SolutionConfigurationPlatforms) = preSolution
		Debug|Any CPU = Debug|Any CPU
		Debug|Mixed Platforms = Debug|Mixed Platforms
		Debug|x86 = Debug|x86
		Release|Any CPU = Release|Any CPU
		Release|Mixed Platforms = Release|Mixed Platforms
		Release|x86 = Release|x86
	EndGlobalSection
	GlobalSection(ProjectConfigurationPlatforms) = postSolution
		{0CF9D020-AF37-4FA1-924D-4831C128650C}.Debug|Any CPU.ActiveCfg = Debug|Any CPU
		{0CF9D020-AF37-4FA1-924D-4831C128650C}.Debug|Any CPU.Build.0 = Debug|Any CPU
		{0CF9D020-AF37-4FA1-924D-4831C128650C}.Debug|Mixed Platforms.ActiveCfg = Debug|x86
		{0CF9D020-AF37-4FA1-924D-4831C128650C}.Debug|Mixed Platforms.Build.0 = Debug|x86
		{0CF9D020-AF37-4FA1-924D-4831C128650C}.Debug|x86.ActiveCfg = Debug|x86
		{0CF9D020-AF37-4FA1-924D-4831C128650C}.Debug|x86.Build.0 = Debug|x86
		{0CF9D020-AF37-4FA1-924D-4831C128650C}.Release|Any CPU.ActiveCfg = Release|Any CPU
		{0CF9D020-AF37-4FA1-924D-4831C128650C}.Release|Any CPU.Build.0 = Release|Any CPU
		{0CF9D020-AF37-4FA1-924D-4831C128650C}.Release|Mixed Platforms.ActiveCfg = Release|x86
		{0CF9D020-AF37-4FA1-924D-4831C128650C}.Release|Mixed Platforms.Build.0 = Release|x86
		{0CF9D020-AF37-4FA1-924D-4831C128650C}.Release|x86.ActiveCfg = Release|Any CPU
		{0CF9D020-AF37-4FA1-924D-4831C128650C}.Release|x86.Build.0 = Release|Any CPU
		{0BBB23B0-D8C4-4735-9FB2-48AD897A364A}.Debug|Any CPU.ActiveCfg = Debug|Any CPU
		{0BBB23B0-D8C4-4735-9FB2-48AD897A364A}.Debug|Any CPU.Build.0 = Debug|Any CPU
		{0BBB23B0-D8C4-4735-9FB2-48AD897A364A}.Debug|Mixed Platforms.ActiveCfg = Debug|Any CPU
		{0BBB23B0-D8C4-4735-9FB2-48AD897A364A}.Debug|Mixed Platforms.Build.0 = Debug|Any CPU
		{0BBB23B0-D8C4-4735-9FB2-48AD897A364A}.Debug|x86.ActiveCfg = Debug|x86
		{0BBB23B0-D8C4-4735-9FB2-48AD897A364A}.Debug|x86.Build.0 = Debug|x86
		{0BBB23B0-D8C4-4735-9FB2-48AD897A364A}.Release|Any CPU.ActiveCfg = Release|Any CPU
		{0BBB23B0-D8C4-4735-9FB2-48AD897A364A}.Release|Any CPU.Build.0 = Release|Any CPU
		{0BBB23B0-D8C4-4735-9FB2-48AD897A364A}.Release|Mixed Platforms.ActiveCfg = Release|Any CPU
		{0BBB23B0-D8C4-4735-9FB2-48AD897A364A}.Release|Mixed Platforms.Build.0 = Release|Any CPU
		{0BBB23B0-D8C4-4735-9FB2-48AD897A364A}.Release|x86.ActiveCfg = Release|Any CPU
		{0BBB23B0-D8C4-4735-9FB2-48AD897A364A}.Release|x86.Build.0 = Release|Any CPU
		{C7550D1C-E3F1-4BBD-8281-AB122822486C}.Debug|Any CPU.ActiveCfg = Debug|Any CPU
		{C7550D1C-E3F1-4BBD-8281-AB122822486C}.Debug|Any CPU.Build.0 = Debug|Any CPU
		{C7550D1C-E3F1-4BBD-8281-AB122822486C}.Debug|Mixed Platforms.ActiveCfg = Debug|Any CPU
		{C7550D1C-E3F1-4BBD-8281-AB122822486C}.Debug|Mixed Platforms.Build.0 = Debug|Any CPU
		{C7550D1C-E3F1-4BBD-8281-AB122822486C}.Debug|x86.ActiveCfg = Debug|x86
		{C7550D1C-E3F1-4BBD-8281-AB122822486C}.Debug|x86.Build.0 = Debug|x86
		{C7550D1C-E3F1-4BBD-8281-AB122822486C}.Release|Any CPU.ActiveCfg = Release|Any CPU
		{C7550D1C-E3F1-4BBD-8281-AB122822486C}.Release|Any CPU.Build.0 = Release|Any CPU
		{C7550D1C-E3F1-4BBD-8281-AB122822486C}.Release|Mixed Platforms.ActiveCfg = Release|Any CPU
		{C7550D1C-E3F1-4BBD-8281-AB122822486C}.Release|Mixed Platforms.Build.0 = Release|Any CPU
		{C7550D1C-E3F1-4BBD-8281-AB122822486C}.Release|x86.ActiveCfg = Release|Any CPU
		{C7550D1C-E3F1-4BBD-8281-AB122822486C}.Release|x86.Build.0 = Release|Any CPU
		{DF340F26-BB3F-4293-8C42-B11D9FA326A4}.Debug|Any CPU.ActiveCfg = Debug|Any CPU
		{DF340F26-BB3F-4293-8C42-B11D9FA326A4}.Debug|Any CPU.Build.0 = Debug|Any CPU
		{DF340F26-BB3F-4293-8C42-B11D9FA326A4}.Debug|Mixed Platforms.ActiveCfg = Debug|Any CPU
		{DF340F26-BB3F-4293-8C42-B11D9FA326A4}.Debug|Mixed Platforms.Build.0 = Debug|Any CPU
		{DF340F26-BB3F-4293-8C42-B11D9FA326A4}.Debug|x86.ActiveCfg = Debug|x86
		{DF340F26-BB3F-4293-8C42-B11D9FA326A4}.Debug|x86.Build.0 = Debug|x86
		{DF340F26-BB3F-4293-8C42-B11D9FA326A4}.Release|Any CPU.ActiveCfg = Release|Any CPU
		{DF340F26-BB3F-4293-8C42-B11D9FA326A4}.Release|Any CPU.Build.0 = Release|Any CPU
		{DF340F26-BB3F-4293-8C42-B11D9FA326A4}.Release|Mixed Platforms.ActiveCfg = Release|Any CPU
		{DF340F26-BB3F-4293-8C42-B11D9FA326A4}.Release|Mixed Platforms.Build.0 = Release|Any CPU
		{DF340F26-BB3F-4293-8C42-B11D9FA326A4}.Release|x86.ActiveCfg = Release|Any CPU
		{DF340F26-BB3F-4293-8C42-B11D9FA326A4}.Release|x86.Build.0 = Release|Any CPU
		{6A6FE15A-6249-4156-94CA-2D2B372AC0A0}.Debug|Any CPU.ActiveCfg = Debug|Any CPU
		{6A6FE15A-6249-4156-94CA-2D2B372AC0A0}.Debug|Any CPU.Build.0 = Debug|Any CPU
		{6A6FE15A-6249-4156-94CA-2D2B372AC0A0}.Debug|Mixed Platforms.ActiveCfg = Debug|Any CPU
		{6A6FE15A-6249-4156-94CA-2D2B372AC0A0}.Debug|Mixed Platforms.Build.0 = Debug|Any CPU
		{6A6FE15A-6249-4156-94CA-2D2B372AC0A0}.Debug|x86.ActiveCfg = Debug|x86
		{6A6FE15A-6249-4156-94CA-2D2B372AC0A0}.Debug|x86.Build.0 = Debug|x86
		{6A6FE15A-6249-4156-94CA-2D2B372AC0A0}.Release|Any CPU.ActiveCfg = Release|Any CPU
		{6A6FE15A-6249-4156-94CA-2D2B372AC0A0}.Release|Any CPU.Build.0 = Release|Any CPU
		{6A6FE15A-6249-4156-94CA-2D2B372AC0A0}.Release|Mixed Platforms.ActiveCfg = Release|Any CPU
		{6A6FE15A-6249-4156-94CA-2D2B372AC0A0}.Release|Mixed Platforms.Build.0 = Release|Any CPU
		{6A6FE15A-6249-4156-94CA-2D2B372AC0A0}.Release|x86.ActiveCfg = Release|Any CPU
		{6A6FE15A-6249-4156-94CA-2D2B372AC0A0}.Release|x86.Build.0 = Release|Any CPU
		{F957C230-0F57-4CB4-9884-17D3D29C8746}.Debug|Any CPU.ActiveCfg = Debug|Any CPU
		{F957C230-0F57-4CB4-9884-17D3D29C8746}.Debug|Any CPU.Build.0 = Debug|Any CPU
		{F957C230-0F57-4CB4-9884-17D3D29C8746}.Debug|Mixed Platforms.ActiveCfg = Debug|Any CPU
		{F957C230-0F57-4CB4-9884-17D3D29C8746}.Debug|Mixed Platforms.Build.0 = Debug|Any CPU
		{F957C230-0F57-4CB4-9884-17D3D29C8746}.Debug|x86.ActiveCfg = Debug|Any CPU
		{F957C230-0F57-4CB4-9884-17D3D29C8746}.Debug|x86.Build.0 = Debug|Any CPU
		{F957C230-0F57-4CB4-9884-17D3D29C8746}.Release|Any CPU.ActiveCfg = Release|Any CPU
		{F957C230-0F57-4CB4-9884-17D3D29C8746}.Release|Any CPU.Build.0 = Release|Any CPU
		{F957C230-0F57-4CB4-9884-17D3D29C8746}.Release|Mixed Platforms.ActiveCfg = Release|Any CPU
		{F957C230-0F57-4CB4-9884-17D3D29C8746}.Release|Mixed Platforms.Build.0 = Release|Any CPU
		{F957C230-0F57-4CB4-9884-17D3D29C8746}.Release|x86.ActiveCfg = Release|Any CPU
		{F957C230-0F57-4CB4-9884-17D3D29C8746}.Release|x86.Build.0 = Release|Any CPU
	EndGlobalSection
	GlobalSection(SolutionProperties) = preSolution
		HideSolutionNode = FALSE
	EndGlobalSection
	GlobalSection(ExtensibilityGlobals) = postSolution
		SolutionGuid = {B47800F3-F237-484E-8243-24DC35ACC3F0}
	EndGlobalSection
EndGlobal
