
Microsoft Visual Studio Solution File, Format Version 12.00
# Visual Studio 15
VisualStudioVersion = 15.0.28010.2003
MinimumVisualStudioVersion = 10.0.40219.1
Project("{FAE04EC0-301F-11D3-BF4B-00C04F79EFBC}") = "EditCodeAssistant", "EditCodeAssistant\EditCodeAssistant.csproj", "{0CF9D020-AF37-4FA1-924D-4831C128650C}"
EndProject
Project("{2150E333-8FDC-42A3-9474-1A3956D46DE8}") = "bins", "bins", "{9ABDF5A3-CD86-4CF2-8746-610C97D0FA6C}"
EndProject
Project("{FAE04EC0-301F-11D3-BF4B-00C04F79EFBC}") = "Core", "bins\Core\Core.csproj", "{8A11C6E8-725F-489C-A530-EBFEC6AB2B44}"
EndProject
Project("{FAE04EC0-301F-11D3-BF4B-00C04F79EFBC}") = "Core_Config", "bins\Core_Config\Core_Config.csproj", "{E32CE552-669A-496F-8578-8DEDCC226DC1}"
EndProject
Project("{FAE04EC0-301F-11D3-BF4B-00C04F79EFBC}") = "UI", "bins\UI\UI.csproj", "{C7550D1C-E3F1-4BBD-8281-AB122822486C}"
EndProject
Project("{FAE04EC0-301F-11D3-BF4B-00C04F79EFBC}") = "UI_OptionForm", "bins\UI_OptionForm\UI_OptionForm.csproj", "{DF9D676D-2D52-4754-9BE8-9CD9DCB6F3A8}"
EndProject
Project("{FAE04EC0-301F-11D3-BF4B-00C04F79EFBC}") = "UI_TopMenuBar", "bins\UI_TopMenuBar\UI_TopMenuBar.csproj", "{0CA67886-A0E5-42D9-954E-D3660782888D}"
EndProject
Global
	GlobalSection(SolutionConfigurationPlatforms) = preSolution
		Debug|Any CPU = Debug|Any CPU
		Debug|Mixed Platforms = Debug|Mixed Platforms
		Debug|x64 = Debug|x64
		Debug|x86 = Debug|x86
		Release|Any CPU = Release|Any CPU
		Release|Mixed Platforms = Release|Mixed Platforms
		Release|x64 = Release|x64
		Release|x86 = Release|x86
	EndGlobalSection
	GlobalSection(ProjectConfigurationPlatforms) = postSolution
		{0CF9D020-AF37-4FA1-924D-4831C128650C}.Debug|Any CPU.ActiveCfg = Debug|Any CPU
		{0CF9D020-AF37-4FA1-924D-4831C128650C}.Debug|Any CPU.Build.0 = Debug|Any CPU
		{0CF9D020-AF37-4FA1-924D-4831C128650C}.Debug|Mixed Platforms.ActiveCfg = Debug|x86
		{0CF9D020-AF37-4FA1-924D-4831C128650C}.Debug|Mixed Platforms.Build.0 = Debug|x86
		{0CF9D020-AF37-4FA1-924D-4831C128650C}.Debug|x64.ActiveCfg = Debug|Any CPU
		{0CF9D020-AF37-4FA1-924D-4831C128650C}.Debug|x64.Build.0 = Debug|Any CPU
		{0CF9D020-AF37-4FA1-924D-4831C128650C}.Debug|x86.ActiveCfg = Debug|x86
		{0CF9D020-AF37-4FA1-924D-4831C128650C}.Debug|x86.Build.0 = Debug|x86
		{0CF9D020-AF37-4FA1-924D-4831C128650C}.Release|Any CPU.ActiveCfg = Release|Any CPU
		{0CF9D020-AF37-4FA1-924D-4831C128650C}.Release|Any CPU.Build.0 = Release|Any CPU
		{0CF9D020-AF37-4FA1-924D-4831C128650C}.Release|Mixed Platforms.ActiveCfg = Release|x86
		{0CF9D020-AF37-4FA1-924D-4831C128650C}.Release|Mixed Platforms.Build.0 = Release|x86
		{0CF9D020-AF37-4FA1-924D-4831C128650C}.Release|x64.ActiveCfg = Release|Any CPU
		{0CF9D020-AF37-4FA1-924D-4831C128650C}.Release|x64.Build.0 = Release|Any CPU
		{0CF9D020-AF37-4FA1-924D-4831C128650C}.Release|x86.ActiveCfg = Release|x86
		{0CF9D020-AF37-4FA1-924D-4831C128650C}.Release|x86.Build.0 = Release|x86
		{8A11C6E8-725F-489C-A530-EBFEC6AB2B44}.Debug|Any CPU.ActiveCfg = Debug|Any CPU
		{8A11C6E8-725F-489C-A530-EBFEC6AB2B44}.Debug|Any CPU.Build.0 = Debug|Any CPU
		{8A11C6E8-725F-489C-A530-EBFEC6AB2B44}.Debug|Mixed Platforms.ActiveCfg = Debug|x86
		{8A11C6E8-725F-489C-A530-EBFEC6AB2B44}.Debug|Mixed Platforms.Build.0 = Debug|x86
		{8A11C6E8-725F-489C-A530-EBFEC6AB2B44}.Debug|x64.ActiveCfg = Debug|Any CPU
		{8A11C6E8-725F-489C-A530-EBFEC6AB2B44}.Debug|x64.Build.0 = Debug|Any CPU
		{8A11C6E8-725F-489C-A530-EBFEC6AB2B44}.Debug|x86.ActiveCfg = Debug|x86
		{8A11C6E8-725F-489C-A530-EBFEC6AB2B44}.Debug|x86.Build.0 = Debug|x86
		{8A11C6E8-725F-489C-A530-EBFEC6AB2B44}.Release|Any CPU.ActiveCfg = Release|Any CPU
		{8A11C6E8-725F-489C-A530-EBFEC6AB2B44}.Release|Any CPU.Build.0 = Release|Any CPU
		{8A11C6E8-725F-489C-A530-EBFEC6AB2B44}.Release|Mixed Platforms.ActiveCfg = Release|x86
		{8A11C6E8-725F-489C-A530-EBFEC6AB2B44}.Release|Mixed Platforms.Build.0 = Release|x86
		{8A11C6E8-725F-489C-A530-EBFEC6AB2B44}.Release|x64.ActiveCfg = Release|Any CPU
		{8A11C6E8-725F-489C-A530-EBFEC6AB2B44}.Release|x64.Build.0 = Release|Any CPU
		{8A11C6E8-725F-489C-A530-EBFEC6AB2B44}.Release|x86.ActiveCfg = Release|x86
		{8A11C6E8-725F-489C-A530-EBFEC6AB2B44}.Release|x86.Build.0 = Release|x86
		{E32CE552-669A-496F-8578-8DEDCC226DC1}.Debug|Any CPU.ActiveCfg = Debug|Any CPU
		{E32CE552-669A-496F-8578-8DEDCC226DC1}.Debug|Any CPU.Build.0 = Debug|Any CPU
		{E32CE552-669A-496F-8578-8DEDCC226DC1}.Debug|Mixed Platforms.ActiveCfg = Debug|x86
		{E32CE552-669A-496F-8578-8DEDCC226DC1}.Debug|Mixed Platforms.Build.0 = Debug|x86
		{E32CE552-669A-496F-8578-8DEDCC226DC1}.Debug|x64.ActiveCfg = Debug|x64
		{E32CE552-669A-496F-8578-8DEDCC226DC1}.Debug|x64.Build.0 = Debug|x64
		{E32CE552-669A-496F-8578-8DEDCC226DC1}.Debug|x86.ActiveCfg = Debug|x86
		{E32CE552-669A-496F-8578-8DEDCC226DC1}.Debug|x86.Build.0 = Debug|x86
		{E32CE552-669A-496F-8578-8DEDCC226DC1}.Release|Any CPU.ActiveCfg = Release|Any CPU
		{E32CE552-669A-496F-8578-8DEDCC226DC1}.Release|Any CPU.Build.0 = Release|Any CPU
		{E32CE552-669A-496F-8578-8DEDCC226DC1}.Release|Mixed Platforms.ActiveCfg = Release|x86
		{E32CE552-669A-496F-8578-8DEDCC226DC1}.Release|Mixed Platforms.Build.0 = Release|x86
		{E32CE552-669A-496F-8578-8DEDCC226DC1}.Release|x64.ActiveCfg = Release|x64
		{E32CE552-669A-496F-8578-8DEDCC226DC1}.Release|x64.Build.0 = Release|x64
		{E32CE552-669A-496F-8578-8DEDCC226DC1}.Release|x86.ActiveCfg = Release|x86
		{E32CE552-669A-496F-8578-8DEDCC226DC1}.Release|x86.Build.0 = Release|x86
		{C7550D1C-E3F1-4BBD-8281-AB122822486C}.Debug|Any CPU.ActiveCfg = Debug|Any CPU
		{C7550D1C-E3F1-4BBD-8281-AB122822486C}.Debug|Any CPU.Build.0 = Debug|Any CPU
		{C7550D1C-E3F1-4BBD-8281-AB122822486C}.Debug|Mixed Platforms.ActiveCfg = Debug|x86
		{C7550D1C-E3F1-4BBD-8281-AB122822486C}.Debug|Mixed Platforms.Build.0 = Debug|x86
		{C7550D1C-E3F1-4BBD-8281-AB122822486C}.Debug|x64.ActiveCfg = Debug|Any CPU
		{C7550D1C-E3F1-4BBD-8281-AB122822486C}.Debug|x64.Build.0 = Debug|Any CPU
		{C7550D1C-E3F1-4BBD-8281-AB122822486C}.Debug|x86.ActiveCfg = Debug|x86
		{C7550D1C-E3F1-4BBD-8281-AB122822486C}.Debug|x86.Build.0 = Debug|x86
		{C7550D1C-E3F1-4BBD-8281-AB122822486C}.Release|Any CPU.ActiveCfg = Release|Any CPU
		{C7550D1C-E3F1-4BBD-8281-AB122822486C}.Release|Any CPU.Build.0 = Release|Any CPU
		{C7550D1C-E3F1-4BBD-8281-AB122822486C}.Release|Mixed Platforms.ActiveCfg = Release|x86
		{C7550D1C-E3F1-4BBD-8281-AB122822486C}.Release|Mixed Platforms.Build.0 = Release|x86
		{C7550D1C-E3F1-4BBD-8281-AB122822486C}.Release|x64.ActiveCfg = Release|Any CPU
		{C7550D1C-E3F1-4BBD-8281-AB122822486C}.Release|x64.Build.0 = Release|Any CPU
		{C7550D1C-E3F1-4BBD-8281-AB122822486C}.Release|x86.ActiveCfg = Release|x86
		{C7550D1C-E3F1-4BBD-8281-AB122822486C}.Release|x86.Build.0 = Release|x86
		{DF9D676D-2D52-4754-9BE8-9CD9DCB6F3A8}.Debug|Any CPU.ActiveCfg = Debug|Any CPU
		{DF9D676D-2D52-4754-9BE8-9CD9DCB6F3A8}.Debug|Any CPU.Build.0 = Debug|Any CPU
		{DF9D676D-2D52-4754-9BE8-9CD9DCB6F3A8}.Debug|Mixed Platforms.ActiveCfg = Debug|x86
		{DF9D676D-2D52-4754-9BE8-9CD9DCB6F3A8}.Debug|Mixed Platforms.Build.0 = Debug|x86
		{DF9D676D-2D52-4754-9BE8-9CD9DCB6F3A8}.Debug|x64.ActiveCfg = Debug|Any CPU
		{DF9D676D-2D52-4754-9BE8-9CD9DCB6F3A8}.Debug|x64.Build.0 = Debug|Any CPU
		{DF9D676D-2D52-4754-9BE8-9CD9DCB6F3A8}.Debug|x86.ActiveCfg = Debug|x86
		{DF9D676D-2D52-4754-9BE8-9CD9DCB6F3A8}.Debug|x86.Build.0 = Debug|x86
		{DF9D676D-2D52-4754-9BE8-9CD9DCB6F3A8}.Release|Any CPU.ActiveCfg = Release|Any CPU
		{DF9D676D-2D52-4754-9BE8-9CD9DCB6F3A8}.Release|Any CPU.Build.0 = Release|Any CPU
		{DF9D676D-2D52-4754-9BE8-9CD9DCB6F3A8}.Release|Mixed Platforms.ActiveCfg = Release|x86
		{DF9D676D-2D52-4754-9BE8-9CD9DCB6F3A8}.Release|Mixed Platforms.Build.0 = Release|x86
		{DF9D676D-2D52-4754-9BE8-9CD9DCB6F3A8}.Release|x64.ActiveCfg = Release|Any CPU
		{DF9D676D-2D52-4754-9BE8-9CD9DCB6F3A8}.Release|x64.Build.0 = Release|Any CPU
		{DF9D676D-2D52-4754-9BE8-9CD9DCB6F3A8}.Release|x86.ActiveCfg = Release|x86
		{DF9D676D-2D52-4754-9BE8-9CD9DCB6F3A8}.Release|x86.Build.0 = Release|x86
		{0CA67886-A0E5-42D9-954E-D3660782888D}.Debug|Any CPU.ActiveCfg = Debug|Any CPU
		{0CA67886-A0E5-42D9-954E-D3660782888D}.Debug|Any CPU.Build.0 = Debug|Any CPU
		{0CA67886-A0E5-42D9-954E-D3660782888D}.Debug|Mixed Platforms.ActiveCfg = Debug|x86
		{0CA67886-A0E5-42D9-954E-D3660782888D}.Debug|Mixed Platforms.Build.0 = Debug|x86
		{0CA67886-A0E5-42D9-954E-D3660782888D}.Debug|x64.ActiveCfg = Debug|Any CPU
		{0CA67886-A0E5-42D9-954E-D3660782888D}.Debug|x64.Build.0 = Debug|Any CPU
		{0CA67886-A0E5-42D9-954E-D3660782888D}.Debug|x86.ActiveCfg = Debug|x86
		{0CA67886-A0E5-42D9-954E-D3660782888D}.Debug|x86.Build.0 = Debug|x86
		{0CA67886-A0E5-42D9-954E-D3660782888D}.Release|Any CPU.ActiveCfg = Release|Any CPU
		{0CA67886-A0E5-42D9-954E-D3660782888D}.Release|Any CPU.Build.0 = Release|Any CPU
		{0CA67886-A0E5-42D9-954E-D3660782888D}.Release|Mixed Platforms.ActiveCfg = Release|x86
		{0CA67886-A0E5-42D9-954E-D3660782888D}.Release|Mixed Platforms.Build.0 = Release|x86
		{0CA67886-A0E5-42D9-954E-D3660782888D}.Release|x64.ActiveCfg = Release|Any CPU
		{0CA67886-A0E5-42D9-954E-D3660782888D}.Release|x64.Build.0 = Release|Any CPU
		{0CA67886-A0E5-42D9-954E-D3660782888D}.Release|x86.ActiveCfg = Release|x86
		{0CA67886-A0E5-42D9-954E-D3660782888D}.Release|x86.Build.0 = Release|x86
	EndGlobalSection
	GlobalSection(SolutionProperties) = preSolution
		HideSolutionNode = FALSE
	EndGlobalSection
	GlobalSection(NestedProjects) = preSolution
		{8A11C6E8-725F-489C-A530-EBFEC6AB2B44} = {9ABDF5A3-CD86-4CF2-8746-610C97D0FA6C}
		{E32CE552-669A-496F-8578-8DEDCC226DC1} = {9ABDF5A3-CD86-4CF2-8746-610C97D0FA6C}
		{C7550D1C-E3F1-4BBD-8281-AB122822486C} = {9ABDF5A3-CD86-4CF2-8746-610C97D0FA6C}
		{DF9D676D-2D52-4754-9BE8-9CD9DCB6F3A8} = {9ABDF5A3-CD86-4CF2-8746-610C97D0FA6C}
		{0CA67886-A0E5-42D9-954E-D3660782888D} = {9ABDF5A3-CD86-4CF2-8746-610C97D0FA6C}
	EndGlobalSection
	GlobalSection(ExtensibilityGlobals) = postSolution
		SolutionGuid = {B47800F3-F237-484E-8243-24DC35ACC3F0}
	EndGlobalSection
EndGlobal
